
Microsoft Visual Studio Solution File, Format Version 12.00
# Visual Studio Version 17
VisualStudioVersion = 17.5.002.0
MinimumVisualStudioVersion = 10.0.40219.1
Project("{2150E333-8FDC-42A3-9474-1A3956D46DE8}") = "csharp-prep", "csharp-prep", "{D0947FB0-AE2A-4817-927C-271FABCE06A7}"
EndProject
Project("{9A19103F-16F7-4668-BE54-9A1E7A4F7556}") = "Prep1", "csharp-prep\Prep1\Prep1.csproj", "{D82BA117-52D9-4344-8DE3-615733D938DD}"
EndProject
Project("{9A19103F-16F7-4668-BE54-9A1E7A4F7556}") = "Prep2", "csharp-prep\Prep2\Prep2.csproj", "{7DE055C9-8968-4360-9962-A7F6B79748CF}"
EndProject
Project("{9A19103F-16F7-4668-BE54-9A1E7A4F7556}") = "Prep3", "csharp-prep\Prep3\Prep3.csproj", "{30288CB6-6FD4-4825-976F-E67A45F2B24F}"
EndProject
Project("{9A19103F-16F7-4668-BE54-9A1E7A4F7556}") = "Prep4", "csharp-prep\Prep4\Prep4.csproj", "{9D4C19C4-235E-4650-8E2C-4286EB982CC6}"
EndProject
Project("{9A19103F-16F7-4668-BE54-9A1E7A4F7556}") = "Prep5", "csharp-prep\Prep5\Prep5.csproj", "{CD55507D-63D7-4A69-AFB8-D4B2B10A4339}"
EndProject
Project("{2150E333-8FDC-42A3-9474-1A3956D46DE8}") = "final", "final", "{4A1E268A-9AE0-4D8E-8B28-5F7FF39AB007}"
EndProject
Project("{9A19103F-16F7-4668-BE54-9A1E7A4F7556}") = "FinalProject", "final\FinalProject\FinalProject.csproj", "{5C0BBDB9-A57E-4C15-B368-C17C7EDDB260}"
EndProject
Project("{9A19103F-16F7-4668-BE54-9A1E7A4F7556}") = "Foundation1", "final\Foundation1\Foundation1.csproj", "{6F387703-CBC4-484C-8440-EA8CF42C44EB}"
EndProject
Project("{9A19103F-16F7-4668-BE54-9A1E7A4F7556}") = "Foundation2", "final\Foundation2\Foundation2.csproj", "{549C6B81-EA58-413C-B17D-25A27F1C387D}"
EndProject
Project("{9A19103F-16F7-4668-BE54-9A1E7A4F7556}") = "Foundation3", "final\Foundation3\Foundation3.csproj", "{1D5B31B7-29EE-4863-BB09-CA51FE6F785F}"
EndProject
Project("{9A19103F-16F7-4668-BE54-9A1E7A4F7556}") = "Foundation4", "final\Foundation4\Foundation4.csproj", "{A84A2AE6-261A-4824-975E-DB8030F36224}"
EndProject
Project("{2150E333-8FDC-42A3-9474-1A3956D46DE8}") = "prepare", "prepare", "{DB179D25-DE0B-441E-952A-A5862FD2360D}"
EndProject
Project("{9A19103F-16F7-4668-BE54-9A1E7A4F7556}") = "Learning02", "prepare\Learning02\Learning02.csproj", "{41F14348-B3DE-4E57-8253-6D17552BD519}"
EndProject
Project("{9A19103F-16F7-4668-BE54-9A1E7A4F7556}") = "Learning03", "prepare\Learning03\Learning03.csproj", "{5144B8A4-906F-4D74-8846-1CA62DABF8A4}"
EndProject
Project("{9A19103F-16F7-4668-BE54-9A1E7A4F7556}") = "Learning04", "prepare\Learning04\Learning04.csproj", "{573D8D6C-D376-4D44-A67A-A34F1EA790DA}"
EndProject
Project("{9A19103F-16F7-4668-BE54-9A1E7A4F7556}") = "Learning05", "prepare\Learning05\Learning05.csproj", "{F483499B-FDD5-4C2E-8C75-438E463218BA}"
EndProject
Project("{2150E333-8FDC-42A3-9474-1A3956D46DE8}") = "prove", "prove", "{BB8EB831-CF3C-4620-9602-5F989F49D4CD}"
EndProject
Project("{9A19103F-16F7-4668-BE54-9A1E7A4F7556}") = "Develop02", "prove\Develop02\Develop02.csproj", "{0925F36B-423B-41B6-86C1-218D1579AE5E}"
EndProject
Project("{9A19103F-16F7-4668-BE54-9A1E7A4F7556}") = "Develop03", "prove\Develop03\Develop03.csproj", "{A908CD08-82DC-4F27-803F-9424191A2B43}"
EndProject
Project("{9A19103F-16F7-4668-BE54-9A1E7A4F7556}") = "Develop04", "prove\Develop04\Develop04.csproj", "{794B8BBE-1F1F-4BB3-814D-2B8A6AF1F25F}"
EndProject
Project("{9A19103F-16F7-4668-BE54-9A1E7A4F7556}") = "Develop05", "prove\Develop05\Develop05.csproj", "{07E296EF-6341-4760-B062-B0EA6CEDF521}"
EndProject
Project("{2150E333-8FDC-42A3-9474-1A3956D46DE8}") = "sandbox", "sandbox", "{3C087535-EC28-40DA-B7FD-A05FEAFDAD08}"
EndProject
Project("{9A19103F-16F7-4668-BE54-9A1E7A4F7556}") = "Sandbox", "sandbox\Sandbox\Sandbox.csproj", "{42DFECCA-AC83-4721-883F-B51ACA5FB764}"
EndProject
Global
	GlobalSection(SolutionConfigurationPlatforms) = preSolution
		Debug|Any CPU = Debug|Any CPU
		Release|Any CPU = Release|Any CPU
	EndGlobalSection
	GlobalSection(ProjectConfigurationPlatforms) = postSolution
		{D82BA117-52D9-4344-8DE3-615733D938DD}.Debug|Any CPU.ActiveCfg = Debug|Any CPU
		{D82BA117-52D9-4344-8DE3-615733D938DD}.Debug|Any CPU.Build.0 = Debug|Any CPU
		{D82BA117-52D9-4344-8DE3-615733D938DD}.Release|Any CPU.ActiveCfg = Release|Any CPU
		{D82BA117-52D9-4344-8DE3-615733D938DD}.Release|Any CPU.Build.0 = Release|Any CPU
		{7DE055C9-8968-4360-9962-A7F6B79748CF}.Debug|Any CPU.ActiveCfg = Debug|Any CPU
		{7DE055C9-8968-4360-9962-A7F6B79748CF}.Debug|Any CPU.Build.0 = Debug|Any CPU
		{7DE055C9-8968-4360-9962-A7F6B79748CF}.Release|Any CPU.ActiveCfg = Release|Any CPU
		{7DE055C9-8968-4360-9962-A7F6B79748CF}.Release|Any CPU.Build.0 = Release|Any CPU
		{30288CB6-6FD4-4825-976F-E67A45F2B24F}.Debug|Any CPU.ActiveCfg = Debug|Any CPU
		{30288CB6-6FD4-4825-976F-E67A45F2B24F}.Debug|Any CPU.Build.0 = Debug|Any CPU
		{30288CB6-6FD4-4825-976F-E67A45F2B24F}.Release|Any CPU.ActiveCfg = Release|Any CPU
		{30288CB6-6FD4-4825-976F-E67A45F2B24F}.Release|Any CPU.Build.0 = Release|Any CPU
		{9D4C19C4-235E-4650-8E2C-4286EB982CC6}.Debug|Any CPU.ActiveCfg = Debug|Any CPU
		{9D4C19C4-235E-4650-8E2C-4286EB982CC6}.Debug|Any CPU.Build.0 = Debug|Any CPU
		{9D4C19C4-235E-4650-8E2C-4286EB982CC6}.Release|Any CPU.ActiveCfg = Release|Any CPU
		{9D4C19C4-235E-4650-8E2C-4286EB982CC6}.Release|Any CPU.Build.0 = Release|Any CPU
		{CD55507D-63D7-4A69-AFB8-D4B2B10A4339}.Debug|Any CPU.ActiveCfg = Debug|Any CPU
		{CD55507D-63D7-4A69-AFB8-D4B2B10A4339}.Debug|Any CPU.Build.0 = Debug|Any CPU
		{CD55507D-63D7-4A69-AFB8-D4B2B10A4339}.Release|Any CPU.ActiveCfg = Release|Any CPU
		{CD55507D-63D7-4A69-AFB8-D4B2B10A4339}.Release|Any CPU.Build.0 = Release|Any CPU
		{5C0BBDB9-A57E-4C15-B368-C17C7EDDB260}.Debug|Any CPU.ActiveCfg = Debug|Any CPU
		{5C0BBDB9-A57E-4C15-B368-C17C7EDDB260}.Debug|Any CPU.Build.0 = Debug|Any CPU
		{5C0BBDB9-A57E-4C15-B368-C17C7EDDB260}.Release|Any CPU.ActiveCfg = Release|Any CPU
		{5C0BBDB9-A57E-4C15-B368-C17C7EDDB260}.Release|Any CPU.Build.0 = Release|Any CPU
		{6F387703-CBC4-484C-8440-EA8CF42C44EB}.Debug|Any CPU.ActiveCfg = Debug|Any CPU
		{6F387703-CBC4-484C-8440-EA8CF42C44EB}.Debug|Any CPU.Build.0 = Debug|Any CPU
		{6F387703-CBC4-484C-8440-EA8CF42C44EB}.Release|Any CPU.ActiveCfg = Release|Any CPU
		{6F387703-CBC4-484C-8440-EA8CF42C44EB}.Release|Any CPU.Build.0 = Release|Any CPU
		{549C6B81-EA58-413C-B17D-25A27F1C387D}.Debug|Any CPU.ActiveCfg = Debug|Any CPU
		{549C6B81-EA58-413C-B17D-25A27F1C387D}.Debug|Any CPU.Build.0 = Debug|Any CPU
		{549C6B81-EA58-413C-B17D-25A27F1C387D}.Release|Any CPU.ActiveCfg = Release|Any CPU
		{549C6B81-EA58-413C-B17D-25A27F1C387D}.Release|Any CPU.Build.0 = Release|Any CPU
		{1D5B31B7-29EE-4863-BB09-CA51FE6F785F}.Debug|Any CPU.ActiveCfg = Debug|Any CPU
		{1D5B31B7-29EE-4863-BB09-CA51FE6F785F}.Debug|Any CPU.Build.0 = Debug|Any CPU
		{1D5B31B7-29EE-4863-BB09-CA51FE6F785F}.Release|Any CPU.ActiveCfg = Release|Any CPU
		{1D5B31B7-29EE-4863-BB09-CA51FE6F785F}.Release|Any CPU.Build.0 = Release|Any CPU
		{A84A2AE6-261A-4824-975E-DB8030F36224}.Debug|Any CPU.ActiveCfg = Debug|Any CPU
		{A84A2AE6-261A-4824-975E-DB8030F36224}.Debug|Any CPU.Build.0 = Debug|Any CPU
		{A84A2AE6-261A-4824-975E-DB8030F36224}.Release|Any CPU.ActiveCfg = Release|Any CPU
		{A84A2AE6-261A-4824-975E-DB8030F36224}.Release|Any CPU.Build.0 = Release|Any CPU
		{41F14348-B3DE-4E57-8253-6D17552BD519}.Debug|Any CPU.ActiveCfg = Debug|Any CPU
		{41F14348-B3DE-4E57-8253-6D17552BD519}.Debug|Any CPU.Build.0 = Debug|Any CPU
		{41F14348-B3DE-4E57-8253-6D17552BD519}.Release|Any CPU.ActiveCfg = Release|Any CPU
		{41F14348-B3DE-4E57-8253-6D17552BD519}.Release|Any CPU.Build.0 = Release|Any CPU
		{5144B8A4-906F-4D74-8846-1CA62DABF8A4}.Debug|Any CPU.ActiveCfg = Debug|Any CPU
		{5144B8A4-906F-4D74-8846-1CA62DABF8A4}.Debug|Any CPU.Build.0 = Debug|Any CPU
		{5144B8A4-906F-4D74-8846-1CA62DABF8A4}.Release|Any CPU.ActiveCfg = Release|Any CPU
		{5144B8A4-906F-4D74-8846-1CA62DABF8A4}.Release|Any CPU.Build.0 = Release|Any CPU
		{573D8D6C-D376-4D44-A67A-A34F1EA790DA}.Debug|Any CPU.ActiveCfg = Debug|Any CPU
		{573D8D6C-D376-4D44-A67A-A34F1EA790DA}.Debug|Any CPU.Build.0 = Debug|Any CPU
		{573D8D6C-D376-4D44-A67A-A34F1EA790DA}.Release|Any CPU.ActiveCfg = Release|Any CPU
		{573D8D6C-D376-4D44-A67A-A34F1EA790DA}.Release|Any CPU.Build.0 = Release|Any CPU
		{F483499B-FDD5-4C2E-8C75-438E463218BA}.Debug|Any CPU.ActiveCfg = Debug|Any CPU
		{F483499B-FDD5-4C2E-8C75-438E463218BA}.Debug|Any CPU.Build.0 = Debug|Any CPU
		{F483499B-FDD5-4C2E-8C75-438E463218BA}.Release|Any CPU.ActiveCfg = Release|Any CPU
		{F483499B-FDD5-4C2E-8C75-438E463218BA}.Release|Any CPU.Build.0 = Release|Any CPU
		{0925F36B-423B-41B6-86C1-218D1579AE5E}.Debug|Any CPU.ActiveCfg = Debug|Any CPU
		{0925F36B-423B-41B6-86C1-218D1579AE5E}.Debug|Any CPU.Build.0 = Debug|Any CPU
		{0925F36B-423B-41B6-86C1-218D1579AE5E}.Release|Any CPU.ActiveCfg = Release|Any CPU
		{0925F36B-423B-41B6-86C1-218D1579AE5E}.Release|Any CPU.Build.0 = Release|Any CPU
		{A908CD08-82DC-4F27-803F-9424191A2B43}.Debug|Any CPU.ActiveCfg = Debug|Any CPU
		{A908CD08-82DC-4F27-803F-9424191A2B43}.Debug|Any CPU.Build.0 = Debug|Any CPU
		{A908CD08-82DC-4F27-803F-9424191A2B43}.Release|Any CPU.ActiveCfg = Release|Any CPU
		{A908CD08-82DC-4F27-803F-9424191A2B43}.Release|Any CPU.Build.0 = Release|Any CPU
		{794B8BBE-1F1F-4BB3-814D-2B8A6AF1F25F}.Debug|Any CPU.ActiveCfg = Debug|Any CPU
		{794B8BBE-1F1F-4BB3-814D-2B8A6AF1F25F}.Debug|Any CPU.Build.0 = Debug|Any CPU
		{794B8BBE-1F1F-4BB3-814D-2B8A6AF1F25F}.Release|Any CPU.ActiveCfg = Release|Any CPU
		{794B8BBE-1F1F-4BB3-814D-2B8A6AF1F25F}.Release|Any CPU.Build.0 = Release|Any CPU
		{07E296EF-6341-4760-B062-B0EA6CEDF521}.Debug|Any CPU.ActiveCfg = Debug|Any CPU
		{07E296EF-6341-4760-B062-B0EA6CEDF521}.Debug|Any CPU.Build.0 = Debug|Any CPU
		{07E296EF-6341-4760-B062-B0EA6CEDF521}.Release|Any CPU.ActiveCfg = Release|Any CPU
		{07E296EF-6341-4760-B062-B0EA6CEDF521}.Release|Any CPU.Build.0 = Release|Any CPU
		{42DFECCA-AC83-4721-883F-B51ACA5FB764}.Debug|Any CPU.ActiveCfg = Debug|Any CPU
		{42DFECCA-AC83-4721-883F-B51ACA5FB764}.Debug|Any CPU.Build.0 = Debug|Any CPU
		{42DFECCA-AC83-4721-883F-B51ACA5FB764}.Release|Any CPU.ActiveCfg = Release|Any CPU
		{42DFECCA-AC83-4721-883F-B51ACA5FB764}.Release|Any CPU.Build.0 = Release|Any CPU
	EndGlobalSection
	GlobalSection(SolutionProperties) = preSolution
		HideSolutionNode = FALSE
	EndGlobalSection
	GlobalSection(NestedProjects) = preSolution
		{D82BA117-52D9-4344-8DE3-615733D938DD} = {D0947FB0-AE2A-4817-927C-271FABCE06A7}
		{7DE055C9-8968-4360-9962-A7F6B79748CF} = {D0947FB0-AE2A-4817-927C-271FABCE06A7}
		{30288CB6-6FD4-4825-976F-E67A45F2B24F} = {D0947FB0-AE2A-4817-927C-271FABCE06A7}
		{9D4C19C4-235E-4650-8E2C-4286EB982CC6} = {D0947FB0-AE2A-4817-927C-271FABCE06A7}
		{CD55507D-63D7-4A69-AFB8-D4B2B10A4339} = {D0947FB0-AE2A-4817-927C-271FABCE06A7}
		{5C0BBDB9-A57E-4C15-B368-C17C7EDDB260} = {4A1E268A-9AE0-4D8E-8B28-5F7FF39AB007}
		{6F387703-CBC4-484C-8440-EA8CF42C44EB} = {4A1E268A-9AE0-4D8E-8B28-5F7FF39AB007}
		{549C6B81-EA58-413C-B17D-25A27F1C387D} = {4A1E268A-9AE0-4D8E-8B28-5F7FF39AB007}
		{1D5B31B7-29EE-4863-BB09-CA51FE6F785F} = {4A1E268A-9AE0-4D8E-8B28-5F7FF39AB007}
		{A84A2AE6-261A-4824-975E-DB8030F36224} = {4A1E268A-9AE0-4D8E-8B28-5F7FF39AB007}
		{41F14348-B3DE-4E57-8253-6D17552BD519} = {DB179D25-DE0B-441E-952A-A5862FD2360D}
		{5144B8A4-906F-4D74-8846-1CA62DABF8A4} = {DB179D25-DE0B-441E-952A-A5862FD2360D}
		{573D8D6C-D376-4D44-A67A-A34F1EA790DA} = {DB179D25-DE0B-441E-952A-A5862FD2360D}
		{F483499B-FDD5-4C2E-8C75-438E463218BA} = {DB179D25-DE0B-441E-952A-A5862FD2360D}
		{0925F36B-423B-41B6-86C1-218D1579AE5E} = {BB8EB831-CF3C-4620-9602-5F989F49D4CD}
		{A908CD08-82DC-4F27-803F-9424191A2B43} = {BB8EB831-CF3C-4620-9602-5F989F49D4CD}
		{794B8BBE-1F1F-4BB3-814D-2B8A6AF1F25F} = {BB8EB831-CF3C-4620-9602-5F989F49D4CD}
		{07E296EF-6341-4760-B062-B0EA6CEDF521} = {BB8EB831-CF3C-4620-9602-5F989F49D4CD}
		{42DFECCA-AC83-4721-883F-B51ACA5FB764} = {3C087535-EC28-40DA-B7FD-A05FEAFDAD08}
	EndGlobalSection
	GlobalSection(ExtensibilityGlobals) = postSolution
		SolutionGuid = {4087F122-AEA9-4387-871D-2998EFBCFDD5}
	EndGlobalSection
EndGlobal
